// !$*UTF8*$!
{
	archiveVersion = 1;
	classes = {
	};
	objectVersion = 46;
	objects = {

/* Begin PBXBuildFile section */
		14F2B09A1D484F870022642E /* AppDelegate.swift in Sources */ = {isa = PBXBuildFile; fileRef = 14F2B0991D484F870022642E /* AppDelegate.swift */; };
		14F2B09C1D484F870022642E /* ViewController.swift in Sources */ = {isa = PBXBuildFile; fileRef = 14F2B09B1D484F870022642E /* ViewController.swift */; };
		14F2B09F1D484F870022642E /* Main.storyboard in Resources */ = {isa = PBXBuildFile; fileRef = 14F2B09D1D484F870022642E /* Main.storyboard */; };
		14F2B0A11D484F870022642E /* Assets.xcassets in Resources */ = {isa = PBXBuildFile; fileRef = 14F2B0A01D484F870022642E /* Assets.xcassets */; };
		14F2B0A41D484F870022642E /* LaunchScreen.storyboard in Resources */ = {isa = PBXBuildFile; fileRef = 14F2B0A21D484F870022642E /* LaunchScreen.storyboard */; };
		14F2B0AC1D4856940022642E /* Model.plist in Resources */ = {isa = PBXBuildFile; fileRef = 14F2B0AB1D4856940022642E /* Model.plist */; };
		14F2B0AE1D485B8B0022642E /* Model.swift in Sources */ = {isa = PBXBuildFile; fileRef = 14F2B0AD1D485B8B0022642E /* Model.swift */; };
		14F2B0B01D48603B0022642E /* CustomizeCell.swift in Sources */ = {isa = PBXBuildFile; fileRef = 14F2B0AF1D48603B0022642E /* CustomizeCell.swift */; };
/* End PBXBuildFile section */

/* Begin PBXFileReference section */
		14F2B0961D484F870022642E /* Blocks.app */ = {isa = PBXFileReference; explicitFileType = wrapper.application; includeInIndex = 0; path = Blocks.app; sourceTree = BUILT_PRODUCTS_DIR; };
		14F2B0991D484F870022642E /* AppDelegate.swift */ = {isa = PBXFileReference; lastKnownFileType = sourcecode.swift; path = AppDelegate.swift; sourceTree = "<group>"; };
		14F2B09B1D484F870022642E /* ViewController.swift */ = {isa = PBXFileReference; lastKnownFileType = sourcecode.swift; path = ViewController.swift; sourceTree = "<group>"; };
		14F2B09E1D484F870022642E /* Base */ = {isa = PBXFileReference; lastKnownFileType = file.storyboard; name = Base; path = Base.lproj/Main.storyboard; sourceTree = "<group>"; };
		14F2B0A01D484F870022642E /* Assets.xcassets */ = {isa = PBXFileReference; lastKnownFileType = folder.assetcatalog; path = Assets.xcassets; sourceTree = "<group>"; };
		14F2B0A31D484F870022642E /* Base */ = {isa = PBXFileReference; lastKnownFileType = file.storyboard; name = Base; path = Base.lproj/LaunchScreen.storyboard; sourceTree = "<group>"; };
		14F2B0A51D484F870022642E /* Info.plist */ = {isa = PBXFileReference; lastKnownFileType = text.plist.xml; path = Info.plist; sourceTree = "<group>"; };
		14F2B0AB1D4856940022642E /* Model.plist */ = {isa = PBXFileReference; fileEncoding = 4; lastKnownFileType = text.plist.xml; path = Model.plist; sourceTree = "<group>"; };
		14F2B0AD1D485B8B0022642E /* Model.swift */ = {isa = PBXFileReference; fileEncoding = 4; lastKnownFileType = sourcecode.swift; path = Model.swift; sourceTree = "<group>"; };
		14F2B0AF1D48603B0022642E /* CustomizeCell.swift */ = {isa = PBXFileReference; fileEncoding = 4; lastKnownFileType = sourcecode.swift; path = CustomizeCell.swift; sourceTree = "<group>"; };
/* End PBXFileReference section */

/* Begin PBXFrameworksBuildPhase section */
		14F2B0931D484F870022642E /* Frameworks */ = {
			isa = PBXFrameworksBuildPhase;
			buildActionMask = 2147483647;
			files = (
			);
			runOnlyForDeploymentPostprocessing = 0;
		};
/* End PBXFrameworksBuildPhase section */

/* Begin PBXGroup section */
		14F2B08D1D484F870022642E = {
			isa = PBXGroup;
			children = (
				14F2B0981D484F870022642E /* Blocks */,
				14F2B0971D484F870022642E /* Products */,
			);
			sourceTree = "<group>";
		};
		14F2B0971D484F870022642E /* Products */ = {
			isa = PBXGroup;
			children = (
				14F2B0961D484F870022642E /* Blocks.app */,
			);
			name = Products;
			sourceTree = "<group>";
		};
		14F2B0981D484F870022642E /* Blocks */ = {
			isa = PBXGroup;
			children = (
				14F2B0AB1D4856940022642E /* Model.plist */,
				14F2B0AD1D485B8B0022642E /* Model.swift */,
				14F2B0AF1D48603B0022642E /* CustomizeCell.swift */,
				14F2B0991D484F870022642E /* AppDelegate.swift */,
				14F2B09B1D484F870022642E /* ViewController.swift */,
				14F2B09D1D484F870022642E /* Main.storyboard */,
				14F2B0A21D484F870022642E /* LaunchScreen.storyboard */,
				14F2B0A01D484F870022642E /* Assets.xcassets */,
				14F2B0A51D484F870022642E /* Info.plist */,
			);
			path = Blocks;
			sourceTree = "<group>";
		};
/* End PBXGroup section */

/* Begin PBXNativeTarget section */
		14F2B0951D484F870022642E /* Blocks */ = {
			isa = PBXNativeTarget;
			buildConfigurationList = 14F2B0A81D484F870022642E /* Build configuration list for PBXNativeTarget "Blocks" */;
			buildPhases = (
				14F2B0921D484F870022642E /* Sources */,
				14F2B0931D484F870022642E /* Frameworks */,
				14F2B0941D484F870022642E /* Resources */,
			);
			buildRules = (
			);
			dependencies = (
			);
			name = Blocks;
			productName = Blocks;
			productReference = 14F2B0961D484F870022642E /* Blocks.app */;
			productType = "com.apple.product-type.application";
		};
/* End PBXNativeTarget section */

/* Begin PBXProject section */
		14F2B08E1D484F870022642E /* Project object */ = {
			isa = PBXProject;
			attributes = {
				LastSwiftUpdateCheck = 0730;
				LastUpgradeCheck = 0730;
				ORGANIZATIONNAME = MyStudio;
				TargetAttributes = {
					14F2B0951D484F870022642E = {
						CreatedOnToolsVersion = 7.3.1;
					};
				};
			};
			buildConfigurationList = 14F2B0911D484F870022642E /* Build configuration list for PBXProject "Blocks" */;
			compatibilityVersion = "Xcode 3.2";
			developmentRegion = English;
			hasScannedForEncodings = 0;
			knownRegions = (
				en,
				Base,
			);
			mainGroup = 14F2B08D1D484F870022642E;
			productRefGroup = 14F2B0971D484F870022642E /* Products */;
			projectDirPath = "";
			projectRoot = "";
			targets = (
				14F2B0951D484F870022642E /* Blocks */,
			);
		};
/* End PBXProject section */

/* Begin PBXResourcesBuildPhase section */
		14F2B0941D484F870022642E /* Resources */ = {
			isa = PBXResourcesBuildPhase;
			buildActionMask = 2147483647;
			files = (
				14F2B0A41D484F870022642E /* LaunchScreen.storyboard in Resources */,
				14F2B0A11D484F870022642E /* Assets.xcassets in Resources */,
				14F2B0AC1D4856940022642E /* Model.plist in Resources */,
				14F2B09F1D484F870022642E /* Main.storyboard in Resources */,
			);
			runOnlyForDeploymentPostprocessing = 0;
		};
/* End PBXResourcesBuildPhase section */

/* Begin PBXSourcesBuildPhase section */
		14F2B0921D484F870022642E /* Sources */ = {
			isa = PBXSourcesBuildPhase;
			buildActionMask = 2147483647;
			files = (
				14F2B0AE1D485B8B0022642E /* Model.swift in Sources */,
				14F2B0B01D48603B0022642E /* CustomizeCell.swift in Sources */,
				14F2B09C1D484F870022642E /* ViewController.swift in Sources */,
				14F2B09A1D484F870022642E /* AppDelegate.swift in Sources */,
			);
			runOnlyForDeploymentPostprocessing = 0;
		};
/* End PBXSourcesBuildPhase section */

/* Begin PBXVariantGroup section */
		14F2B09D1D484F870022642E /* Main.storyboard */ = {
			isa = PBXVariantGroup;
			children = (
				14F2B09E1D484F870022642E /* Base */,
			);
			name = Main.storyboard;
			sourceTree = "<group>";
		};
		14F2B0A21D484F870022642E /* LaunchScreen.storyboard */ = {
			isa = PBXVariantGroup;
			children = (
				14F2B0A31D484F870022642E /* Base */,
			);
			name = LaunchScreen.storyboard;
			sourceTree = "<group>";
		};
/* End PBXVariantGroup section */

/* Begin XCBuildConfiguration section */
		14F2B0A61D484F870022642E /* Debug */ = {
			isa = XCBuildConfiguration;
			buildSettings = {
				ALWAYS_SEARCH_USER_PATHS = NO;
				CLANG_ANALYZER_NONNULL = YES;
				CLANG_CXX_LANGUAGE_STANDARD = "gnu++0x";
				CLANG_CXX_LIBRARY = "libc++";
				CLANG_ENABLE_MODULES = YES;
				CLANG_ENABLE_OBJC_ARC = YES;
				CLANG_WARN_BOOL_CONVERSION = YES;
				CLANG_WARN_CONSTANT_CONVERSION = YES;
				CLANG_WARN_DIRECT_OBJC_ISA_USAGE = YES_ERROR;
				CLANG_WARN_EMPTY_BODY = YES;
				CLANG_WARN_ENUM_CONVERSION = YES;
				CLANG_WARN_INT_CONVERSION = YES;
				CLANG_WARN_OBJC_ROOT_CLASS = YES_ERROR;
				CLANG_WARN_UNREACHABLE_CODE = YES;
				CLANG_WARN__DUPLICATE_METHOD_MATCH = YES;
				"CODE_SIGN_IDENTITY[sdk=iphoneos*]" = "iPhone Developer";
				COPY_PHASE_STRIP = NO;
				DEBUG_INFORMATION_FORMAT = dwarf;
				ENABLE_STRICT_OBJC_MSGSEND = YES;
				ENABLE_TESTABILITY = YES;
				GCC_C_LANGUAGE_STANDARD = gnu99;
				GCC_DYNAMIC_NO_PIC = NO;
				GCC_NO_COMMON_BLOCKS = YES;
				GCC_OPTIMIZATION_LEVEL = 0;
				GCC_PREPROCESSOR_DEFINITIONS = (
					"DEBUG=1",
					"$(inherited)",
				);
				GCC_WARN_64_TO_32_BIT_CONVERSION = YES;
				GCC_WARN_ABOUT_RETURN_TYPE = YES_ERROR;
				GCC_WARN_UNDECLARED_SELECTOR = YES;
				GCC_WARN_UNINITIALIZED_AUTOS = YES_AGGRESSIVE;
				GCC_WARN_UNUSED_FUNCTION = YES;
				GCC_WARN_UNUSED_VARIABLE = YES;
				IPHONEOS_DEPLOYMENT_TARGET = 9.3;
				MTL_ENABLE_DEBUG_INFO = YES;
				ONLY_ACTIVE_ARCH = YES;
				SDKROOT = iphoneos;
				SWIFT_OPTIMIZATION_LEVEL = "-Onone";
				TARGETED_DEVICE_FAMILY = "1,2";
			};
			name = Debug;
		};
		14F2B0A71D484F870022642E /* Release */ = {
			isa = XCBuildConfiguration;
			buildSettings = {
				ALWAYS_SEARCH_USER_PATHS = NO;
				CLANG_ANALYZER_NONNULL = YES;
				CLANG_CXX_LANGUAGE_STANDARD = "gnu++0x";
				CLANG_CXX_LIBRARY = "libc++";
				CLANG_ENABLE_MODULES = YES;
				CLANG_ENABLE_OBJC_ARC = YES;
				CLANG_WARN_BOOL_CONVERSION = YES;
				CLANG_WARN_CONSTANT_CONVERSION = YES;
				CLANG_WARN_DIRECT_OBJC_ISA_USAGE = YES_ERROR;
				CLANG_WARN_EMPTY_BODY = YES;
				CLANG_WARN_ENUM_CONVERSION = YES;
				CLANG_WARN_INT_CONVERSION = YES;
				CLANG_WARN_OBJC_ROOT_CLASS = YES_ERROR;
				CLANG_WARN_UNREACHABLE_CODE = YES;
				CLANG_WARN__DUPLICATE_METHOD_MATCH = YES;
				"CODE_SIGN_IDENTITY[sdk=iphoneos*]" = "iPhone Developer";
				COPY_PHASE_STRIP = NO;
				DEBUG_INFORMATION_FORMAT = "dwarf-with-dsym";
				ENABLE_NS_ASSERTIONS = NO;
				ENABLE_STRICT_OBJC_MSGSEND = YES;
				GCC_C_LANGUAGE_STANDARD = gnu99;
				GCC_NO_COMMON_BLOCKS = YES;
				GCC_WARN_64_TO_32_BIT_CONVERSION = YES;
				GCC_WARN_ABOUT_RETURN_TYPE = YES_ERROR;
				GCC_WARN_UNDECLARED_SELECTOR = YES;
				GCC_WARN_UNINITIALIZED_AUTOS = YES_AGGRESSIVE;
				GCC_WARN_UNUSED_FUNCTION = YES;
				GCC_WARN_UNUSED_VARIABLE = YES;
				IPHONEOS_DEPLOYMENT_TARGET = 9.3;
				MTL_ENABLE_DEBUG_INFO = NO;
				SDKROOT = iphoneos;
				TARGETED_DEVICE_FAMILY = "1,2";
				VALIDATE_PRODUCT = YES;
			};
			name = Release;
		};
		14F2B0A91D484F870022642E /* Debug */ = {
			isa = XCBuildConfiguration;
			buildSettings = {
				ASSETCATALOG_COMPILER_APPICON_NAME = AppIcon;
				INFOPLIST_FILE = Blocks/Info.plist;
				LD_RUNPATH_SEARCH_PATHS = "$(inherited) @executable_path/Frameworks";
				PRODUCT_BUNDLE_IDENTIFIER = com.MyStudio.Blocks;
				PRODUCT_NAME = "$(TARGET_NAME)";
			};
			name = Debug;
		};
		14F2B0AA1D484F870022642E /* Release */ = {
			isa = XCBuildConfiguration;
			buildSettings = {
				ASSETCATALOG_COMPILER_APPICON_NAME = AppIcon;
				INFOPLIST_FILE = Blocks/Info.plist;
				LD_RUNPATH_SEARCH_PATHS = "$(inherited) @executable_path/Frameworks";
				PRODUCT_BUNDLE_IDENTIFIER = com.MyStudio.Blocks;
				PRODUCT_NAME = "$(TARGET_NAME)";
			};
			name = Release;
		};
/* End XCBuildConfiguration section */

/* Begin XCConfigurationList section */
		14F2B0911D484F870022642E /* Build configuration list for PBXProject "Blocks" */ = {
			isa = XCConfigurationList;
			buildConfigurations = (
				14F2B0A61D484F870022642E /* Debug */,
				14F2B0A71D484F870022642E /* Release */,
			);
			defaultConfigurationIsVisible = 0;
			defaultConfigurationName = Release;
		};
		14F2B0A81D484F870022642E /* Build configuration list for PBXNativeTarget "Blocks" */ = {
			isa = XCConfigurationList;
			buildConfigurations = (
				14F2B0A91D484F870022642E /* Debug */,
				14F2B0AA1D484F870022642E /* Release */,
			);
			defaultConfigurationIsVisible = 0;
		};
/* End XCConfigurationList section */
	};
	rootObject = 14F2B08E1D484F870022642E /* Project object */;
}
